
Microsoft Visual Studio Solution File, Format Version 12.00
# Visual Studio Version 16
VisualStudioVersion = 16.0.31613.86
MinimumVisualStudioVersion = 10.0.40219.1
Project("{8BC9CEB8-8B4A-11D0-8D11-00A0C91BC942}") = "MFCApplication1", "MFCApplication1\MFCApplication1.vcxproj", "{33DBD650-2DCF-4287-81FB-068CF0E91B79}"
EndProject
Project("{8BC9CEB8-8B4A-11D0-8D11-00A0C91BC942}") = "EricCoreCpp", "EricCoreCpp\EricCoreCpp.vcxproj", "{3C796FF3-E764-4BA4-9101-B3B7EA47D1C1}"
EndProject
Project("{8BC9CEB8-8B4A-11D0-8D11-00A0C91BC942}") = "DdkUtility", "DdkUtility\DdkUtility.vcxproj", "{239D36BA-0C39-4E70-A2FD-E5E08E6B0F85}"
EndProject
Global
	GlobalSection(SolutionConfigurationPlatforms) = preSolution
		Debug|x64 = Debug|x64
		Debug|x86 = Debug|x86
		Release|x64 = Release|x64
		Release|x86 = Release|x86
	EndGlobalSection
	GlobalSection(ProjectConfigurationPlatforms) = postSolution
		{33DBD650-2DCF-4287-81FB-068CF0E91B79}.Debug|x64.ActiveCfg = Debug|x64
		{33DBD650-2DCF-4287-81FB-068CF0E91B79}.Debug|x64.Build.0 = Debug|x64
		{33DBD650-2DCF-4287-81FB-068CF0E91B79}.Debug|x86.ActiveCfg = Debug|Win32
		{33DBD650-2DCF-4287-81FB-068CF0E91B79}.Debug|x86.Build.0 = Debug|Win32
		{33DBD650-2DCF-4287-81FB-068CF0E91B79}.Release|x64.ActiveCfg = Release|x64
		{33DBD650-2DCF-4287-81FB-068CF0E91B79}.Release|x64.Build.0 = Release|x64
		{33DBD650-2DCF-4287-81FB-068CF0E91B79}.Release|x86.ActiveCfg = Release|Win32
		{33DBD650-2DCF-4287-81FB-068CF0E91B79}.Release|x86.Build.0 = Release|Win32
		{3C796FF3-E764-4BA4-9101-B3B7EA47D1C1}.Debug|x64.ActiveCfg = Debug|x64
		{3C796FF3-E764-4BA4-9101-B3B7EA47D1C1}.Debug|x64.Build.0 = Debug|x64
		{3C796FF3-E764-4BA4-9101-B3B7EA47D1C1}.Debug|x86.ActiveCfg = Debug|Win32
		{3C796FF3-E764-4BA4-9101-B3B7EA47D1C1}.Debug|x86.Build.0 = Debug|Win32
		{3C796FF3-E764-4BA4-9101-B3B7EA47D1C1}.Release|x64.ActiveCfg = Release|x64
		{3C796FF3-E764-4BA4-9101-B3B7EA47D1C1}.Release|x64.Build.0 = Release|x64
		{3C796FF3-E764-4BA4-9101-B3B7EA47D1C1}.Release|x86.ActiveCfg = Release|Win32
		{3C796FF3-E764-4BA4-9101-B3B7EA47D1C1}.Release|x86.Build.0 = Release|Win32
		{239D36BA-0C39-4E70-A2FD-E5E08E6B0F85}.Debug|x64.ActiveCfg = Debug|x64
		{239D36BA-0C39-4E70-A2FD-E5E08E6B0F85}.Debug|x64.Build.0 = Debug|x64
		{239D36BA-0C39-4E70-A2FD-E5E08E6B0F85}.Debug|x86.ActiveCfg = Debug|Win32
		{239D36BA-0C39-4E70-A2FD-E5E08E6B0F85}.Debug|x86.Build.0 = Debug|Win32
		{239D36BA-0C39-4E70-A2FD-E5E08E6B0F85}.Release|x64.ActiveCfg = Release|x64
		{239D36BA-0C39-4E70-A2FD-E5E08E6B0F85}.Release|x64.Build.0 = Release|x64
		{239D36BA-0C39-4E70-A2FD-E5E08E6B0F85}.Release|x86.ActiveCfg = Release|Win32
		{239D36BA-0C39-4E70-A2FD-E5E08E6B0F85}.Release|x86.Build.0 = Release|Win32
	EndGlobalSection
	GlobalSection(SolutionProperties) = preSolution
		HideSolutionNode = FALSE
	EndGlobalSection
	GlobalSection(ExtensibilityGlobals) = postSolution
		SolutionGuid = {4139B95A-773F-4A31-9D8A-1942B786C89C}
	EndGlobalSection
EndGlobal
